// !$*UTF8*$!
{
	archiveVersion = 1;
	classes = {
	};
	objectVersion = 50;
	objects = {

/* Begin PBXBuildFile section */
		DC59442823FC6E2300F96E83 /* AppDelegate.swift in Sources */ = {isa = PBXBuildFile; fileRef = DC59442723FC6E2300F96E83 /* AppDelegate.swift */; };
		DC59442C23FC6E2300F96E83 /* ViewController.swift in Sources */ = {isa = PBXBuildFile; fileRef = DC59442B23FC6E2300F96E83 /* ViewController.swift */; };
		DC59443123FC6E2400F96E83 /* Assets.xcassets in Resources */ = {isa = PBXBuildFile; fileRef = DC59443023FC6E2400F96E83 /* Assets.xcassets */; };
		DC59443423FC6E2400F96E83 /* LaunchScreen.storyboard in Resources */ = {isa = PBXBuildFile; fileRef = DC59443223FC6E2400F96E83 /* LaunchScreen.storyboard */; };
		DC59443F23FC6E2500F96E83 /* ImageDownloaderTests.swift in Sources */ = {isa = PBXBuildFile; fileRef = DC59443E23FC6E2500F96E83 /* ImageDownloaderTests.swift */; };
		DC59444B23FC83CE00F96E83 /* Presenter.swift in Sources */ = {isa = PBXBuildFile; fileRef = DC59444A23FC83CE00F96E83 /* Presenter.swift */; };
		DC59444D23FC845D00F96E83 /* ImageTableViewCell.swift in Sources */ = {isa = PBXBuildFile; fileRef = DC59444C23FC845D00F96E83 /* ImageTableViewCell.swift */; };
		DC59444F23FC850900F96E83 /* ImageDownloader.swift in Sources */ = {isa = PBXBuildFile; fileRef = DC59444E23FC850900F96E83 /* ImageDownloader.swift */; };
		DC59445123FC8C0100F96E83 /* Cache.swift in Sources */ = {isa = PBXBuildFile; fileRef = DC59445023FC8C0100F96E83 /* Cache.swift */; };
		DC59445523FC911000F96E83 /* APIClient.swift in Sources */ = {isa = PBXBuildFile; fileRef = DC59445423FC911000F96E83 /* APIClient.swift */; };
/* End PBXBuildFile section */

/* Begin PBXContainerItemProxy section */
		DC59443B23FC6E2500F96E83 /* PBXContainerItemProxy */ = {
			isa = PBXContainerItemProxy;
			containerPortal = DC59441C23FC6E2300F96E83 /* Project object */;
			proxyType = 1;
			remoteGlobalIDString = DC59442323FC6E2300F96E83;
			remoteInfo = ImageDownloader;
		};
/* End PBXContainerItemProxy section */

/* Begin PBXFileReference section */
		DC59442423FC6E2300F96E83 /* ImageDownloader.app */ = {isa = PBXFileReference; explicitFileType = wrapper.application; includeInIndex = 0; path = ImageDownloader.app; sourceTree = BUILT_PRODUCTS_DIR; };
		DC59442723FC6E2300F96E83 /* AppDelegate.swift */ = {isa = PBXFileReference; lastKnownFileType = sourcecode.swift; path = AppDelegate.swift; sourceTree = "<group>"; };
		DC59442B23FC6E2300F96E83 /* ViewController.swift */ = {isa = PBXFileReference; lastKnownFileType = sourcecode.swift; path = ViewController.swift; sourceTree = "<group>"; };
		DC59443023FC6E2400F96E83 /* Assets.xcassets */ = {isa = PBXFileReference; lastKnownFileType = folder.assetcatalog; path = Assets.xcassets; sourceTree = "<group>"; };
		DC59443323FC6E2400F96E83 /* Base */ = {isa = PBXFileReference; lastKnownFileType = file.storyboard; name = Base; path = Base.lproj/LaunchScreen.storyboard; sourceTree = "<group>"; };
		DC59443523FC6E2400F96E83 /* Info.plist */ = {isa = PBXFileReference; lastKnownFileType = text.plist.xml; path = Info.plist; sourceTree = "<group>"; };
		DC59443A23FC6E2500F96E83 /* ImageDownloaderTests.xctest */ = {isa = PBXFileReference; explicitFileType = wrapper.cfbundle; includeInIndex = 0; path = ImageDownloaderTests.xctest; sourceTree = BUILT_PRODUCTS_DIR; };
		DC59443E23FC6E2500F96E83 /* ImageDownloaderTests.swift */ = {isa = PBXFileReference; lastKnownFileType = sourcecode.swift; path = ImageDownloaderTests.swift; sourceTree = "<group>"; };
		DC59444023FC6E2500F96E83 /* Info.plist */ = {isa = PBXFileReference; lastKnownFileType = text.plist.xml; path = Info.plist; sourceTree = "<group>"; };
		DC59444A23FC83CE00F96E83 /* Presenter.swift */ = {isa = PBXFileReference; lastKnownFileType = sourcecode.swift; path = Presenter.swift; sourceTree = "<group>"; };
		DC59444C23FC845D00F96E83 /* ImageTableViewCell.swift */ = {isa = PBXFileReference; lastKnownFileType = sourcecode.swift; path = ImageTableViewCell.swift; sourceTree = "<group>"; };
		DC59444E23FC850900F96E83 /* ImageDownloader.swift */ = {isa = PBXFileReference; lastKnownFileType = sourcecode.swift; path = ImageDownloader.swift; sourceTree = "<group>"; };
		DC59445023FC8C0100F96E83 /* Cache.swift */ = {isa = PBXFileReference; lastKnownFileType = sourcecode.swift; path = Cache.swift; sourceTree = "<group>"; };
		DC59445423FC911000F96E83 /* APIClient.swift */ = {isa = PBXFileReference; lastKnownFileType = sourcecode.swift; path = APIClient.swift; sourceTree = "<group>"; };
/* End PBXFileReference section */

/* Begin PBXFrameworksBuildPhase section */
		DC59442123FC6E2300F96E83 /* Frameworks */ = {
			isa = PBXFrameworksBuildPhase;
			buildActionMask = 2147483647;
			files = (
			);
			runOnlyForDeploymentPostprocessing = 0;
		};
		DC59443723FC6E2500F96E83 /* Frameworks */ = {
			isa = PBXFrameworksBuildPhase;
			buildActionMask = 2147483647;
			files = (
			);
			runOnlyForDeploymentPostprocessing = 0;
		};
/* End PBXFrameworksBuildPhase section */

/* Begin PBXGroup section */
		DC59441B23FC6E2300F96E83 = {
			isa = PBXGroup;
			children = (
				DC59442623FC6E2300F96E83 /* ImageDownloader */,
				DC59443D23FC6E2500F96E83 /* ImageDownloaderTests */,
				DC59442523FC6E2300F96E83 /* Products */,
			);
			sourceTree = "<group>";
		};
		DC59442523FC6E2300F96E83 /* Products */ = {
			isa = PBXGroup;
			children = (
				DC59442423FC6E2300F96E83 /* ImageDownloader.app */,
				DC59443A23FC6E2500F96E83 /* ImageDownloaderTests.xctest */,
			);
			name = Products;
			sourceTree = "<group>";
		};
		DC59442623FC6E2300F96E83 /* ImageDownloader */ = {
			isa = PBXGroup;
			children = (
				DC59442723FC6E2300F96E83 /* AppDelegate.swift */,
				DC59444923FC83C000F96E83 /* Scene */,
				DC59443023FC6E2400F96E83 /* Assets.xcassets */,
				DC59443223FC6E2400F96E83 /* LaunchScreen.storyboard */,
				DC59443523FC6E2400F96E83 /* Info.plist */,
			);
			path = ImageDownloader;
			sourceTree = "<group>";
		};
		DC59443D23FC6E2500F96E83 /* ImageDownloaderTests */ = {
			isa = PBXGroup;
			children = (
				DC59443E23FC6E2500F96E83 /* ImageDownloaderTests.swift */,
				DC59444023FC6E2500F96E83 /* Info.plist */,
			);
			path = ImageDownloaderTests;
			sourceTree = "<group>";
		};
		DC59444923FC83C000F96E83 /* Scene */ = {
			isa = PBXGroup;
			children = (
				DC59442B23FC6E2300F96E83 /* ViewController.swift */,
				DC59444A23FC83CE00F96E83 /* Presenter.swift */,
				DC59444C23FC845D00F96E83 /* ImageTableViewCell.swift */,
				DC59444E23FC850900F96E83 /* ImageDownloader.swift */,
				DC59445023FC8C0100F96E83 /* Cache.swift */,
				DC59445423FC911000F96E83 /* APIClient.swift */,
			);
			path = Scene;
			sourceTree = "<group>";
		};
/* End PBXGroup section */

/* Begin PBXNativeTarget section */
		DC59442323FC6E2300F96E83 /* ImageDownloader */ = {
			isa = PBXNativeTarget;
			buildConfigurationList = DC59444323FC6E2500F96E83 /* Build configuration list for PBXNativeTarget "ImageDownloader" */;
			buildPhases = (
				DC59442023FC6E2300F96E83 /* Sources */,
				DC59442123FC6E2300F96E83 /* Frameworks */,
				DC59442223FC6E2300F96E83 /* Resources */,
			);
			buildRules = (
			);
			dependencies = (
			);
			name = ImageDownloader;
			productName = ImageDownloader;
			productReference = DC59442423FC6E2300F96E83 /* ImageDownloader.app */;
			productType = "com.apple.product-type.application";
		};
		DC59443923FC6E2500F96E83 /* ImageDownloaderTests */ = {
			isa = PBXNativeTarget;
			buildConfigurationList = DC59444623FC6E2500F96E83 /* Build configuration list for PBXNativeTarget "ImageDownloaderTests" */;
			buildPhases = (
				DC59443623FC6E2500F96E83 /* Sources */,
				DC59443723FC6E2500F96E83 /* Frameworks */,
				DC59443823FC6E2500F96E83 /* Resources */,
			);
			buildRules = (
			);
			dependencies = (
				DC59443C23FC6E2500F96E83 /* PBXTargetDependency */,
			);
			name = ImageDownloaderTests;
			productName = ImageDownloaderTests;
			productReference = DC59443A23FC6E2500F96E83 /* ImageDownloaderTests.xctest */;
			productType = "com.apple.product-type.bundle.unit-test";
		};
/* End PBXNativeTarget section */

/* Begin PBXProject section */
		DC59441C23FC6E2300F96E83 /* Project object */ = {
			isa = PBXProject;
			attributes = {
				LastSwiftUpdateCheck = 1130;
				LastUpgradeCheck = 1130;
				ORGANIZATIONNAME = "Ahmed Henawey";
				TargetAttributes = {
					DC59442323FC6E2300F96E83 = {
						CreatedOnToolsVersion = 11.3.1;
					};
					DC59443923FC6E2500F96E83 = {
						CreatedOnToolsVersion = 11.3.1;
						TestTargetID = DC59442323FC6E2300F96E83;
					};
				};
			};
			buildConfigurationList = DC59441F23FC6E2300F96E83 /* Build configuration list for PBXProject "ImageDownloader" */;
			compatibilityVersion = "Xcode 9.3";
			developmentRegion = en;
			hasScannedForEncodings = 0;
			knownRegions = (
				en,
				Base,
			);
			mainGroup = DC59441B23FC6E2300F96E83;
			productRefGroup = DC59442523FC6E2300F96E83 /* Products */;
			projectDirPath = "";
			projectRoot = "";
			targets = (
				DC59442323FC6E2300F96E83 /* ImageDownloader */,
				DC59443923FC6E2500F96E83 /* ImageDownloaderTests */,
			);
		};
/* End PBXProject section */

/* Begin PBXResourcesBuildPhase section */
		DC59442223FC6E2300F96E83 /* Resources */ = {
			isa = PBXResourcesBuildPhase;
			buildActionMask = 2147483647;
			files = (
				DC59443423FC6E2400F96E83 /* LaunchScreen.storyboard in Resources */,
				DC59443123FC6E2400F96E83 /* Assets.xcassets in Resources */,
			);
			runOnlyForDeploymentPostprocessing = 0;
		};
		DC59443823FC6E2500F96E83 /* Resources */ = {
			isa = PBXResourcesBuildPhase;
			buildActionMask = 2147483647;
			files = (
			);
			runOnlyForDeploymentPostprocessing = 0;
		};
/* End PBXResourcesBuildPhase section */

/* Begin PBXSourcesBuildPhase section */
		DC59442023FC6E2300F96E83 /* Sources */ = {
			isa = PBXSourcesBuildPhase;
			buildActionMask = 2147483647;
			files = (
				DC59444B23FC83CE00F96E83 /* Presenter.swift in Sources */,
				DC59445523FC911000F96E83 /* APIClient.swift in Sources */,
				DC59444F23FC850900F96E83 /* ImageDownloader.swift in Sources */,
				DC59444D23FC845D00F96E83 /* ImageTableViewCell.swift in Sources */,
				DC59445123FC8C0100F96E83 /* Cache.swift in Sources */,
				DC59442C23FC6E2300F96E83 /* ViewController.swift in Sources */,
				DC59442823FC6E2300F96E83 /* AppDelegate.swift in Sources */,
			);
			runOnlyForDeploymentPostprocessing = 0;
		};
		DC59443623FC6E2500F96E83 /* Sources */ = {
			isa = PBXSourcesBuildPhase;
			buildActionMask = 2147483647;
			files = (
				DC59443F23FC6E2500F96E83 /* ImageDownloaderTests.swift in Sources */,
			);
			runOnlyForDeploymentPostprocessing = 0;
		};
/* End PBXSourcesBuildPhase section */

/* Begin PBXTargetDependency section */
		DC59443C23FC6E2500F96E83 /* PBXTargetDependency */ = {
			isa = PBXTargetDependency;
			target = DC59442323FC6E2300F96E83 /* ImageDownloader */;
			targetProxy = DC59443B23FC6E2500F96E83 /* PBXContainerItemProxy */;
		};
/* End PBXTargetDependency section */

/* Begin PBXVariantGroup section */
		DC59443223FC6E2400F96E83 /* LaunchScreen.storyboard */ = {
			isa = PBXVariantGroup;
			children = (
				DC59443323FC6E2400F96E83 /* Base */,
			);
			name = LaunchScreen.storyboard;
			sourceTree = "<group>";
		};
/* End PBXVariantGroup section */

/* Begin XCBuildConfiguration section */
		DC59444123FC6E2500F96E83 /* Debug */ = {
			isa = XCBuildConfiguration;
			buildSettings = {
				ALWAYS_SEARCH_USER_PATHS = NO;
				CLANG_ANALYZER_NONNULL = YES;
				CLANG_ANALYZER_NUMBER_OBJECT_CONVERSION = YES_AGGRESSIVE;
				CLANG_CXX_LANGUAGE_STANDARD = "gnu++14";
				CLANG_CXX_LIBRARY = "libc++";
				CLANG_ENABLE_MODULES = YES;
				CLANG_ENABLE_OBJC_ARC = YES;
				CLANG_ENABLE_OBJC_WEAK = YES;
				CLANG_WARN_BLOCK_CAPTURE_AUTORELEASING = YES;
				CLANG_WARN_BOOL_CONVERSION = YES;
				CLANG_WARN_COMMA = YES;
				CLANG_WARN_CONSTANT_CONVERSION = YES;
				CLANG_WARN_DEPRECATED_OBJC_IMPLEMENTATIONS = YES;
				CLANG_WARN_DIRECT_OBJC_ISA_USAGE = YES_ERROR;
				CLANG_WARN_DOCUMENTATION_COMMENTS = YES;
				CLANG_WARN_EMPTY_BODY = YES;
				CLANG_WARN_ENUM_CONVERSION = YES;
				CLANG_WARN_INFINITE_RECURSION = YES;
				CLANG_WARN_INT_CONVERSION = YES;
				CLANG_WARN_NON_LITERAL_NULL_CONVERSION = YES;
				CLANG_WARN_OBJC_IMPLICIT_RETAIN_SELF = YES;
				CLANG_WARN_OBJC_LITERAL_CONVERSION = YES;
				CLANG_WARN_OBJC_ROOT_CLASS = YES_ERROR;
				CLANG_WARN_RANGE_LOOP_ANALYSIS = YES;
				CLANG_WARN_STRICT_PROTOTYPES = YES;
				CLANG_WARN_SUSPICIOUS_MOVE = YES;
				CLANG_WARN_UNGUARDED_AVAILABILITY = YES_AGGRESSIVE;
				CLANG_WARN_UNREACHABLE_CODE = YES;
				CLANG_WARN__DUPLICATE_METHOD_MATCH = YES;
				COPY_PHASE_STRIP = NO;
				DEBUG_INFORMATION_FORMAT = dwarf;
				ENABLE_STRICT_OBJC_MSGSEND = YES;
				ENABLE_TESTABILITY = YES;
				GCC_C_LANGUAGE_STANDARD = gnu11;
				GCC_DYNAMIC_NO_PIC = NO;
				GCC_NO_COMMON_BLOCKS = YES;
				GCC_OPTIMIZATION_LEVEL = 0;
				GCC_PREPROCESSOR_DEFINITIONS = (
					"DEBUG=1",
					"$(inherited)",
				);
				GCC_WARN_64_TO_32_BIT_CONVERSION = YES;
				GCC_WARN_ABOUT_RETURN_TYPE = YES_ERROR;
				GCC_WARN_UNDECLARED_SELECTOR = YES;
				GCC_WARN_UNINITIALIZED_AUTOS = YES_AGGRESSIVE;
				GCC_WARN_UNUSED_FUNCTION = YES;
				GCC_WARN_UNUSED_VARIABLE = YES;
				IPHONEOS_DEPLOYMENT_TARGET = 13.2;
				MTL_ENABLE_DEBUG_INFO = INCLUDE_SOURCE;
				MTL_FAST_MATH = YES;
				ONLY_ACTIVE_ARCH = YES;
				SDKROOT = iphoneos;
				SWIFT_ACTIVE_COMPILATION_CONDITIONS = DEBUG;
				SWIFT_OPTIMIZATION_LEVEL = "-Onone";
			};
			name = Debug;
		};
		DC59444223FC6E2500F96E83 /* Release */ = {
			isa = XCBuildConfiguration;
			buildSettings = {
				ALWAYS_SEARCH_USER_PATHS = NO;
				CLANG_ANALYZER_NONNULL = YES;
				CLANG_ANALYZER_NUMBER_OBJECT_CONVERSION = YES_AGGRESSIVE;
				CLANG_CXX_LANGUAGE_STANDARD = "gnu++14";
				CLANG_CXX_LIBRARY = "libc++";
				CLANG_ENABLE_MODULES = YES;
				CLANG_ENABLE_OBJC_ARC = YES;
				CLANG_ENABLE_OBJC_WEAK = YES;
				CLANG_WARN_BLOCK_CAPTURE_AUTORELEASING = YES;
				CLANG_WARN_BOOL_CONVERSION = YES;
				CLANG_WARN_COMMA = YES;
				CLANG_WARN_CONSTANT_CONVERSION = YES;
				CLANG_WARN_DEPRECATED_OBJC_IMPLEMENTATIONS = YES;
				CLANG_WARN_DIRECT_OBJC_ISA_USAGE = YES_ERROR;
				CLANG_WARN_DOCUMENTATION_COMMENTS = YES;
				CLANG_WARN_EMPTY_BODY = YES;
				CLANG_WARN_ENUM_CONVERSION = YES;
				CLANG_WARN_INFINITE_RECURSION = YES;
				CLANG_WARN_INT_CONVERSION = YES;
				CLANG_WARN_NON_LITERAL_NULL_CONVERSION = YES;
				CLANG_WARN_OBJC_IMPLICIT_RETAIN_SELF = YES;
				CLANG_WARN_OBJC_LITERAL_CONVERSION = YES;
				CLANG_WARN_OBJC_ROOT_CLASS = YES_ERROR;
				CLANG_WARN_RANGE_LOOP_ANALYSIS = YES;
				CLANG_WARN_STRICT_PROTOTYPES = YES;
				CLANG_WARN_SUSPICIOUS_MOVE = YES;
				CLANG_WARN_UNGUARDED_AVAILABILITY = YES_AGGRESSIVE;
				CLANG_WARN_UNREACHABLE_CODE = YES;
				CLANG_WARN__DUPLICATE_METHOD_MATCH = YES;
				COPY_PHASE_STRIP = NO;
				DEBUG_INFORMATION_FORMAT = "dwarf-with-dsym";
				ENABLE_NS_ASSERTIONS = NO;
				ENABLE_STRICT_OBJC_MSGSEND = YES;
				GCC_C_LANGUAGE_STANDARD = gnu11;
				GCC_NO_COMMON_BLOCKS = YES;
				GCC_WARN_64_TO_32_BIT_CONVERSION = YES;
				GCC_WARN_ABOUT_RETURN_TYPE = YES_ERROR;
				GCC_WARN_UNDECLARED_SELECTOR = YES;
				GCC_WARN_UNINITIALIZED_AUTOS = YES_AGGRESSIVE;
				GCC_WARN_UNUSED_FUNCTION = YES;
				GCC_WARN_UNUSED_VARIABLE = YES;
				IPHONEOS_DEPLOYMENT_TARGET = 13.2;
				MTL_ENABLE_DEBUG_INFO = NO;
				MTL_FAST_MATH = YES;
				SDKROOT = iphoneos;
				SWIFT_COMPILATION_MODE = wholemodule;
				SWIFT_OPTIMIZATION_LEVEL = "-O";
				VALIDATE_PRODUCT = YES;
			};
			name = Release;
		};
		DC59444423FC6E2500F96E83 /* Debug */ = {
			isa = XCBuildConfiguration;
			buildSettings = {
				ASSETCATALOG_COMPILER_APPICON_NAME = AppIcon;
				CODE_SIGN_STYLE = Automatic;
				DEVELOPMENT_TEAM = 4TKR2JQH63;
				INFOPLIST_FILE = ImageDownloader/Info.plist;
				IPHONEOS_DEPLOYMENT_TARGET = 12.0;
				LD_RUNPATH_SEARCH_PATHS = (
					"$(inherited)",
					"@executable_path/Frameworks",
				);
				PRODUCT_BUNDLE_IDENTIFIER = com.orange.ImageDownloader;
				PRODUCT_NAME = "$(TARGET_NAME)";
				SWIFT_VERSION = 5.0;
				TARGETED_DEVICE_FAMILY = 1;
			};
			name = Debug;
		};
		DC59444523FC6E2500F96E83 /* Release */ = {
			isa = XCBuildConfiguration;
			buildSettings = {
				ASSETCATALOG_COMPILER_APPICON_NAME = AppIcon;
				CODE_SIGN_STYLE = Automatic;
				DEVELOPMENT_TEAM = 4TKR2JQH63;
				INFOPLIST_FILE = ImageDownloader/Info.plist;
				IPHONEOS_DEPLOYMENT_TARGET = 12.0;
				LD_RUNPATH_SEARCH_PATHS = (
					"$(inherited)",
					"@executable_path/Frameworks",
				);
				PRODUCT_BUNDLE_IDENTIFIER = com.orange.ImageDownloader;
				PRODUCT_NAME = "$(TARGET_NAME)";
				SWIFT_VERSION = 5.0;
				TARGETED_DEVICE_FAMILY = 1;
			};
			name = Release;
		};
		DC59444723FC6E2500F96E83 /* Debug */ = {
			isa = XCBuildConfiguration;
			buildSettings = {
				ALWAYS_EMBED_SWIFT_STANDARD_LIBRARIES = YES;
				BUNDLE_LOADER = "$(TEST_HOST)";
				CODE_SIGN_STYLE = Automatic;
				INFOPLIST_FILE = ImageDownloaderTests/Info.plist;
				IPHONEOS_DEPLOYMENT_TARGET = 13.2;
				LD_RUNPATH_SEARCH_PATHS = (
					"$(inherited)",
					"@executable_path/Frameworks",
					"@loader_path/Frameworks",
				);
				PRODUCT_BUNDLE_IDENTIFIER = com.orange.ImageDownloaderTests;
				PRODUCT_NAME = "$(TARGET_NAME)";
				SWIFT_VERSION = 5.0;
				TARGETED_DEVICE_FAMILY = "1,2";
				TEST_HOST = "$(BUILT_PRODUCTS_DIR)/ImageDownloader.app/ImageDownloader";
			};
			name = Debug;
		};
		DC59444823FC6E2500F96E83 /* Release */ = {
			isa = XCBuildConfiguration;
			buildSettings = {
				ALWAYS_EMBED_SWIFT_STANDARD_LIBRARIES = YES;
				BUNDLE_LOADER = "$(TEST_HOST)";
				CODE_SIGN_STYLE = Automatic;
				INFOPLIST_FILE = ImageDownloaderTests/Info.plist;
				IPHONEOS_DEPLOYMENT_TARGET = 13.2;
				LD_RUNPATH_SEARCH_PATHS = (
					"$(inherited)",
					"@executable_path/Frameworks",
					"@loader_path/Frameworks",
				);
				PRODUCT_BUNDLE_IDENTIFIER = com.orange.ImageDownloaderTests;
				PRODUCT_NAME = "$(TARGET_NAME)";
				SWIFT_VERSION = 5.0;
				TARGETED_DEVICE_FAMILY = "1,2";
				TEST_HOST = "$(BUILT_PRODUCTS_DIR)/ImageDownloader.app/ImageDownloader";
			};
			name = Release;
		};
/* End XCBuildConfiguration section */

/* Begin XCConfigurationList section */
		DC59441F23FC6E2300F96E83 /* Build configuration list for PBXProject "ImageDownloader" */ = {
			isa = XCConfigurationList;
			buildConfigurations = (
				DC59444123FC6E2500F96E83 /* Debug */,
				DC59444223FC6E2500F96E83 /* Release */,
			);
			defaultConfigurationIsVisible = 0;
			defaultConfigurationName = Release;
		};
		DC59444323FC6E2500F96E83 /* Build configuration list for PBXNativeTarget "ImageDownloader" */ = {
			isa = XCConfigurationList;
			buildConfigurations = (
				DC59444423FC6E2500F96E83 /* Debug */,
				DC59444523FC6E2500F96E83 /* Release */,
			);
			defaultConfigurationIsVisible = 0;
			defaultConfigurationName = Release;
		};
		DC59444623FC6E2500F96E83 /* Build configuration list for PBXNativeTarget "ImageDownloaderTests" */ = {
			isa = XCConfigurationList;
			buildConfigurations = (
				DC59444723FC6E2500F96E83 /* Debug */,
				DC59444823FC6E2500F96E83 /* Release */,
			);
			defaultConfigurationIsVisible = 0;
			defaultConfigurationName = Release;
		};
/* End XCConfigurationList section */
	};
	rootObject = DC59441C23FC6E2300F96E83 /* Project object */;
}
